{
    "_readme": [
        "This file locks the dependencies of your project to a known state",
        "Read more about it at https://getcomposer.org/doc/01-basic-usage.md#installing-dependencies",
        "This file is @generated automatically"
    ],
    "content-hash": "e8869eb625f984c23f50b863d8ad0d12",
    "packages": [
        {
            "name": "lichtner/fluentpdo",
            "version": "v2.1.2",
            "source": {
                "type": "git",
                "url": "https://github.com/envms/fluentpdo.git",
                "reference": "3af5c02ec3d38654e0346029ccbcd8aca930a663"
            },
            "dist": {
                "type": "zip",
                "url": "https://api.github.com/repos/envms/fluentpdo/zipball/3af5c02ec3d38654e0346029ccbcd8aca930a663",
                "reference": "3af5c02ec3d38654e0346029ccbcd8aca930a663",
                "shasum": ""
            },
            "require-dev": {
                "envms/fluent-test": "^1.0",
                "phpunit/phpunit": "^7.0"
            },
            "type": "library",
            "autoload": {
                "psr-4": {
                    "Envms\\FluentPDO\\": "src/"
                }
            },
            "notification-url": "https://packagist.org/downloads/",
            "license": [
                "Apache-2.0",
                "GPL-2.0+"
            ],
            "authors": [
                {
                    "name": "envms",
                    "homepage": "http://env.ms"
                }
            ],
            "description": "FluentPDO is a quick and light PHP library for rapid query building. It features a smart join builder, which automatically creates table joins.",
            "homepage": "https://github.com/envms/fluentpdo",
            "keywords": [
                "builder",
                "database",
                "db",
                "dbal",
                "fluent",
                "mysql",
                "oracle",
                "pdo",
                "query"
            ],
            "time": "2018-10-30T11:53:23+00:00"
        }
    ],
    "packages-dev": [],
    "aliases": [],
    "minimum-stability": "stable",
    "stability-flags": [],
    "prefer-stable": false,
    "prefer-lowest": false,
    "platform": [],
    "platform-dev": []
}
